
Microsoft Visual Studio Solution File, Format Version 12.00
# Visual Studio 15
VisualStudioVersion = 15.0.27130.2010
MinimumVisualStudioVersion = 10.0.40219.1
Project("{FAE04EC0-301F-11D3-BF4B-00C04F79EFBC}") = "CaculateToolUnitTest", "CaculateToolUnitTest\CaculateToolUnitTest.csproj", "{B89BB0B3-FF87-4F52-8958-90330B19957E}"
EndProject
Project("{FAE04EC0-301F-11D3-BF4B-00C04F79EFBC}") = "CaculatorConsole", "CaculatorConsole\CaculatorConsole.csproj", "{ECD96070-6338-432C-9BE9-9BB976C62D86}"
EndProject
Project("{FAE04EC0-301F-11D3-BF4B-00C04F79EFBC}") = "CaculateTool", "CaculateTool\CaculateTool.csproj", "{3F566BAE-1FA4-4BFA-ABB8-8BCF7BBABB9B}"
EndProject
Project("{FAE04EC0-301F-11D3-BF4B-00C04F79EFBC}") = "CaculateCommon", "CaculateCommon\CaculateCommon.csproj", "{20A6B28C-6D5C-4627-B4D5-8ADE30D0BA8F}"
EndProject
Global
	GlobalSection(SolutionConfigurationPlatforms) = preSolution
		Debug|Any CPU = Debug|Any CPU
		Release|Any CPU = Release|Any CPU
	EndGlobalSection
	GlobalSection(ProjectConfigurationPlatforms) = postSolution
		{B89BB0B3-FF87-4F52-8958-90330B19957E}.Debug|Any CPU.ActiveCfg = Debug|Any CPU
		{B89BB0B3-FF87-4F52-8958-90330B19957E}.Debug|Any CPU.Build.0 = Debug|Any CPU
		{B89BB0B3-FF87-4F52-8958-90330B19957E}.Release|Any CPU.ActiveCfg = Release|Any CPU
		{B89BB0B3-FF87-4F52-8958-90330B19957E}.Release|Any CPU.Build.0 = Release|Any CPU
		{ECD96070-6338-432C-9BE9-9BB976C62D86}.Debug|Any CPU.ActiveCfg = Debug|Any CPU
		{ECD96070-6338-432C-9BE9-9BB976C62D86}.Debug|Any CPU.Build.0 = Debug|Any CPU
		{ECD96070-6338-432C-9BE9-9BB976C62D86}.Release|Any CPU.ActiveCfg = Release|Any CPU
		{ECD96070-6338-432C-9BE9-9BB976C62D86}.Release|Any CPU.Build.0 = Release|Any CPU
		{3F566BAE-1FA4-4BFA-ABB8-8BCF7BBABB9B}.Debug|Any CPU.ActiveCfg = Debug|Any CPU
		{3F566BAE-1FA4-4BFA-ABB8-8BCF7BBABB9B}.Debug|Any CPU.Build.0 = Debug|Any CPU
		{3F566BAE-1FA4-4BFA-ABB8-8BCF7BBABB9B}.Release|Any CPU.ActiveCfg = Release|Any CPU
		{3F566BAE-1FA4-4BFA-ABB8-8BCF7BBABB9B}.Release|Any CPU.Build.0 = Release|Any CPU
		{20A6B28C-6D5C-4627-B4D5-8ADE30D0BA8F}.Debug|Any CPU.ActiveCfg = Debug|Any CPU
		{20A6B28C-6D5C-4627-B4D5-8ADE30D0BA8F}.Debug|Any CPU.Build.0 = Debug|Any CPU
		{20A6B28C-6D5C-4627-B4D5-8ADE30D0BA8F}.Release|Any CPU.ActiveCfg = Release|Any CPU
		{20A6B28C-6D5C-4627-B4D5-8ADE30D0BA8F}.Release|Any CPU.Build.0 = Release|Any CPU
	EndGlobalSection
	GlobalSection(SolutionProperties) = preSolution
		HideSolutionNode = FALSE
	EndGlobalSection
	GlobalSection(ExtensibilityGlobals) = postSolution
		SolutionGuid = {76F3DEAB-B0BD-4B13-9E0B-62E00CD8E37D}
	EndGlobalSection
EndGlobal
